
Microsoft Visual Studio Solution File, Format Version 12.00
# Visual Studio Version 16
VisualStudioVersion = 16.0.29306.81
MinimumVisualStudioVersion = 10.0.40219.1
Project("{FAE04EC0-301F-11D3-BF4B-00C04F79EFBC}") = "Perfect", "Perfect\Perfect.csproj", "{579F7194-30E6-4421-8588-E62AE7A55733}"
EndProject
Global
	GlobalSection(SolutionConfigurationPlatforms) = preSolution
		Rvt2018|Any CPU = Rvt2018|Any CPU
		Rvt2019|Any CPU = Rvt2019|Any CPU
		Rvt2020|Any CPU = Rvt2020|Any CPU
	EndGlobalSection
	GlobalSection(ProjectConfigurationPlatforms) = postSolution
		{579F7194-30E6-4421-8588-E62AE7A55733}.Rvt2018|Any CPU.ActiveCfg = Rvt2018|Any CPU
		{579F7194-30E6-4421-8588-E62AE7A55733}.Rvt2018|Any CPU.Build.0 = Rvt2018|Any CPU
		{579F7194-30E6-4421-8588-E62AE7A55733}.Rvt2019|Any CPU.ActiveCfg = Rvt2019|Any CPU
		{579F7194-30E6-4421-8588-E62AE7A55733}.Rvt2019|Any CPU.Build.0 = Rvt2019|Any CPU
		{579F7194-30E6-4421-8588-E62AE7A55733}.Rvt2020|Any CPU.ActiveCfg = Rvt2020|Any CPU
		{579F7194-30E6-4421-8588-E62AE7A55733}.Rvt2020|Any CPU.Build.0 = Rvt2020|Any CPU
	EndGlobalSection
	GlobalSection(SolutionProperties) = preSolution
		HideSolutionNode = FALSE
	EndGlobalSection
	GlobalSection(ExtensibilityGlobals) = postSolution
		SolutionGuid = {FB8AF5FB-8607-483C-8787-710321F5403E}
	EndGlobalSection
EndGlobal
