
Microsoft Visual Studio Solution File, Format Version 12.00
# Visual Studio Version 16
VisualStudioVersion = 16.0.29306.81
MinimumVisualStudioVersion = 10.0.40219.1
Project("{FAE04EC0-301F-11D3-BF4B-00C04F79EFBC}") = "Perfect", "Perfect\Perfect.csproj", "{579F7194-30E6-4421-8588-E62AE7A55733}"
EndProject
Project("{FAE04EC0-301F-11D3-BF4B-00C04F79EFBC}") = "SnoopConfigurator", "SnoopConfig\SnoopConfigurator.csproj", "{5A281D54-B00A-4874-822A-4AD7C5E011BB}"
EndProject
Project("{FAE04EC0-301F-11D3-BF4B-00C04F79EFBC}") = "SnoopRevit", "SnoopRevit\SnoopRevit.csproj", "{E0FD600A-9A06-4263-B5E5-6535CB97EF97}"
EndProject
Project("{FAE04EC0-301F-11D3-BF4B-00C04F79EFBC}") = "SnoopCommandLine", "SnoopCommandLine\SnoopCommandLine.csproj", "{6845860C-D690-4246-9926-CA317BB36EC9}"
EndProject
Project("{FAE04EC0-301F-11D3-BF4B-00C04F79EFBC}") = "SnoopLib", "Snoop\SnoopLib.csproj", "{B68CF59C-9350-45A5-9E7F-9F7544423172}"
EndProject
Global
	GlobalSection(SolutionConfigurationPlatforms) = preSolution
		Rvt2014|Any CPU = Rvt2014|Any CPU
		Rvt2015|Any CPU = Rvt2015|Any CPU
		Rvt2016|Any CPU = Rvt2016|Any CPU
		Rvt2017|Any CPU = Rvt2017|Any CPU
		Rvt2018|Any CPU = Rvt2018|Any CPU
		Rvt2019|Any CPU = Rvt2019|Any CPU
		Rvt2020|Any CPU = Rvt2020|Any CPU
	EndGlobalSection
	GlobalSection(ProjectConfigurationPlatforms) = postSolution
		{579F7194-30E6-4421-8588-E62AE7A55733}.Rvt2014|Any CPU.ActiveCfg = Rvt2014|Any CPU
		{579F7194-30E6-4421-8588-E62AE7A55733}.Rvt2014|Any CPU.Build.0 = Rvt2014|Any CPU
		{579F7194-30E6-4421-8588-E62AE7A55733}.Rvt2015|Any CPU.ActiveCfg = Rvt2015|Any CPU
		{579F7194-30E6-4421-8588-E62AE7A55733}.Rvt2015|Any CPU.Build.0 = Rvt2015|Any CPU
		{579F7194-30E6-4421-8588-E62AE7A55733}.Rvt2016|Any CPU.ActiveCfg = Rvt2016|Any CPU
		{579F7194-30E6-4421-8588-E62AE7A55733}.Rvt2016|Any CPU.Build.0 = Rvt2016|Any CPU
		{579F7194-30E6-4421-8588-E62AE7A55733}.Rvt2017|Any CPU.ActiveCfg = Rvt2017|Any CPU
		{579F7194-30E6-4421-8588-E62AE7A55733}.Rvt2017|Any CPU.Build.0 = Rvt2017|Any CPU
		{579F7194-30E6-4421-8588-E62AE7A55733}.Rvt2018|Any CPU.ActiveCfg = Rvt2018|Any CPU
		{579F7194-30E6-4421-8588-E62AE7A55733}.Rvt2018|Any CPU.Build.0 = Rvt2018|Any CPU
		{579F7194-30E6-4421-8588-E62AE7A55733}.Rvt2019|Any CPU.ActiveCfg = Rvt2019|Any CPU
		{579F7194-30E6-4421-8588-E62AE7A55733}.Rvt2019|Any CPU.Build.0 = Rvt2019|Any CPU
		{579F7194-30E6-4421-8588-E62AE7A55733}.Rvt2020|Any CPU.ActiveCfg = Rvt2020|Any CPU
		{579F7194-30E6-4421-8588-E62AE7A55733}.Rvt2020|Any CPU.Build.0 = Rvt2020|Any CPU
		{5A281D54-B00A-4874-822A-4AD7C5E011BB}.Rvt2014|Any CPU.ActiveCfg = Rvt2014|Any CPU
		{5A281D54-B00A-4874-822A-4AD7C5E011BB}.Rvt2014|Any CPU.Build.0 = Rvt2014|Any CPU
		{5A281D54-B00A-4874-822A-4AD7C5E011BB}.Rvt2015|Any CPU.ActiveCfg = Rvt2015|Any CPU
		{5A281D54-B00A-4874-822A-4AD7C5E011BB}.Rvt2015|Any CPU.Build.0 = Rvt2015|Any CPU
		{5A281D54-B00A-4874-822A-4AD7C5E011BB}.Rvt2016|Any CPU.ActiveCfg = Rvt2016|Any CPU
		{5A281D54-B00A-4874-822A-4AD7C5E011BB}.Rvt2016|Any CPU.Build.0 = Rvt2016|Any CPU
		{5A281D54-B00A-4874-822A-4AD7C5E011BB}.Rvt2017|Any CPU.ActiveCfg = Rvt2017|Any CPU
		{5A281D54-B00A-4874-822A-4AD7C5E011BB}.Rvt2017|Any CPU.Build.0 = Rvt2017|Any CPU
		{5A281D54-B00A-4874-822A-4AD7C5E011BB}.Rvt2018|Any CPU.ActiveCfg = Rvt2018|Any CPU
		{5A281D54-B00A-4874-822A-4AD7C5E011BB}.Rvt2018|Any CPU.Build.0 = Rvt2018|Any CPU
		{5A281D54-B00A-4874-822A-4AD7C5E011BB}.Rvt2019|Any CPU.ActiveCfg = Rvt2019|Any CPU
		{5A281D54-B00A-4874-822A-4AD7C5E011BB}.Rvt2019|Any CPU.Build.0 = Rvt2019|Any CPU
		{5A281D54-B00A-4874-822A-4AD7C5E011BB}.Rvt2020|Any CPU.ActiveCfg = Rvt2020|Any CPU
		{5A281D54-B00A-4874-822A-4AD7C5E011BB}.Rvt2020|Any CPU.Build.0 = Rvt2020|Any CPU
		{E0FD600A-9A06-4263-B5E5-6535CB97EF97}.Rvt2014|Any CPU.ActiveCfg = Rvt2014|Any CPU
		{E0FD600A-9A06-4263-B5E5-6535CB97EF97}.Rvt2014|Any CPU.Build.0 = Rvt2014|Any CPU
		{E0FD600A-9A06-4263-B5E5-6535CB97EF97}.Rvt2015|Any CPU.ActiveCfg = Rvt2015|Any CPU
		{E0FD600A-9A06-4263-B5E5-6535CB97EF97}.Rvt2015|Any CPU.Build.0 = Rvt2015|Any CPU
		{E0FD600A-9A06-4263-B5E5-6535CB97EF97}.Rvt2016|Any CPU.ActiveCfg = Rvt2016|Any CPU
		{E0FD600A-9A06-4263-B5E5-6535CB97EF97}.Rvt2016|Any CPU.Build.0 = Rvt2016|Any CPU
		{E0FD600A-9A06-4263-B5E5-6535CB97EF97}.Rvt2017|Any CPU.ActiveCfg = Rvt2017|Any CPU
		{E0FD600A-9A06-4263-B5E5-6535CB97EF97}.Rvt2017|Any CPU.Build.0 = Rvt2017|Any CPU
		{E0FD600A-9A06-4263-B5E5-6535CB97EF97}.Rvt2018|Any CPU.ActiveCfg = Rvt2018|Any CPU
		{E0FD600A-9A06-4263-B5E5-6535CB97EF97}.Rvt2018|Any CPU.Build.0 = Rvt2018|Any CPU
		{E0FD600A-9A06-4263-B5E5-6535CB97EF97}.Rvt2019|Any CPU.ActiveCfg = Rvt2019|Any CPU
		{E0FD600A-9A06-4263-B5E5-6535CB97EF97}.Rvt2019|Any CPU.Build.0 = Rvt2019|Any CPU
		{E0FD600A-9A06-4263-B5E5-6535CB97EF97}.Rvt2020|Any CPU.ActiveCfg = Rvt2020|Any CPU
		{E0FD600A-9A06-4263-B5E5-6535CB97EF97}.Rvt2020|Any CPU.Build.0 = Rvt2020|Any CPU
		{6845860C-D690-4246-9926-CA317BB36EC9}.Rvt2014|Any CPU.ActiveCfg = Rvt2014|Any CPU
		{6845860C-D690-4246-9926-CA317BB36EC9}.Rvt2014|Any CPU.Build.0 = Rvt2014|Any CPU
		{6845860C-D690-4246-9926-CA317BB36EC9}.Rvt2015|Any CPU.ActiveCfg = Rvt2015|Any CPU
		{6845860C-D690-4246-9926-CA317BB36EC9}.Rvt2015|Any CPU.Build.0 = Rvt2015|Any CPU
		{6845860C-D690-4246-9926-CA317BB36EC9}.Rvt2016|Any CPU.ActiveCfg = Rvt2016|Any CPU
		{6845860C-D690-4246-9926-CA317BB36EC9}.Rvt2016|Any CPU.Build.0 = Rvt2016|Any CPU
		{6845860C-D690-4246-9926-CA317BB36EC9}.Rvt2017|Any CPU.ActiveCfg = Rvt2017|Any CPU
		{6845860C-D690-4246-9926-CA317BB36EC9}.Rvt2017|Any CPU.Build.0 = Rvt2017|Any CPU
		{6845860C-D690-4246-9926-CA317BB36EC9}.Rvt2018|Any CPU.ActiveCfg = Rvt2018|Any CPU
		{6845860C-D690-4246-9926-CA317BB36EC9}.Rvt2018|Any CPU.Build.0 = Rvt2018|Any CPU
		{6845860C-D690-4246-9926-CA317BB36EC9}.Rvt2019|Any CPU.ActiveCfg = Rvt2019|Any CPU
		{6845860C-D690-4246-9926-CA317BB36EC9}.Rvt2019|Any CPU.Build.0 = Rvt2019|Any CPU
		{6845860C-D690-4246-9926-CA317BB36EC9}.Rvt2020|Any CPU.ActiveCfg = Rvt2020|Any CPU
		{6845860C-D690-4246-9926-CA317BB36EC9}.Rvt2020|Any CPU.Build.0 = Rvt2020|Any CPU
		{B68CF59C-9350-45A5-9E7F-9F7544423172}.Rvt2014|Any CPU.ActiveCfg = Rvt2014|Any CPU
		{B68CF59C-9350-45A5-9E7F-9F7544423172}.Rvt2014|Any CPU.Build.0 = Rvt2014|Any CPU
		{B68CF59C-9350-45A5-9E7F-9F7544423172}.Rvt2015|Any CPU.ActiveCfg = Rvt2015|Any CPU
		{B68CF59C-9350-45A5-9E7F-9F7544423172}.Rvt2015|Any CPU.Build.0 = Rvt2015|Any CPU
		{B68CF59C-9350-45A5-9E7F-9F7544423172}.Rvt2016|Any CPU.ActiveCfg = Rvt2016|Any CPU
		{B68CF59C-9350-45A5-9E7F-9F7544423172}.Rvt2016|Any CPU.Build.0 = Rvt2016|Any CPU
		{B68CF59C-9350-45A5-9E7F-9F7544423172}.Rvt2017|Any CPU.ActiveCfg = Rvt2017|Any CPU
		{B68CF59C-9350-45A5-9E7F-9F7544423172}.Rvt2017|Any CPU.Build.0 = Rvt2017|Any CPU
		{B68CF59C-9350-45A5-9E7F-9F7544423172}.Rvt2018|Any CPU.ActiveCfg = Rvt2018|Any CPU
		{B68CF59C-9350-45A5-9E7F-9F7544423172}.Rvt2018|Any CPU.Build.0 = Rvt2018|Any CPU
		{B68CF59C-9350-45A5-9E7F-9F7544423172}.Rvt2019|Any CPU.ActiveCfg = Rvt2019|Any CPU
		{B68CF59C-9350-45A5-9E7F-9F7544423172}.Rvt2019|Any CPU.Build.0 = Rvt2019|Any CPU
		{B68CF59C-9350-45A5-9E7F-9F7544423172}.Rvt2020|Any CPU.ActiveCfg = Rvt2020|Any CPU
		{B68CF59C-9350-45A5-9E7F-9F7544423172}.Rvt2020|Any CPU.Build.0 = Rvt2020|Any CPU
	EndGlobalSection
	GlobalSection(SolutionProperties) = preSolution
		HideSolutionNode = FALSE
	EndGlobalSection
	GlobalSection(ExtensibilityGlobals) = postSolution
		SolutionGuid = {FB8AF5FB-8607-483C-8787-710321F5403E}
	EndGlobalSection
EndGlobal
